
Microsoft Visual Studio Solution File, Format Version 12.00
# Visual Studio Version 17
VisualStudioVersion = 17.9.34622.214
MinimumVisualStudioVersion = 10.0.40219.1
Project("{FAE04EC0-301F-11D3-BF4B-00C04F79EFBC}") = "JWTAuthWebAPI", "JWTAuthWebAPI.csproj", "{5F970A14-AF34-4791-BD4D-75816BBA055B}"
EndProject
Global
	GlobalSection(SolutionConfigurationPlatforms) = preSolution
		Debug|Any CPU = Debug|Any CPU
		Release|Any CPU = Release|Any CPU
	EndGlobalSection
	GlobalSection(ProjectConfigurationPlatforms) = postSolution
		{5F970A14-AF34-4791-BD4D-75816BBA055B}.Debug|Any CPU.ActiveCfg = Debug|Any CPU
		{5F970A14-AF34-4791-BD4D-75816BBA055B}.Debug|Any CPU.Build.0 = Debug|Any CPU
		{5F970A14-AF34-4791-BD4D-75816BBA055B}.Release|Any CPU.ActiveCfg = Release|Any CPU
		{5F970A14-AF34-4791-BD4D-75816BBA055B}.Release|Any CPU.Build.0 = Release|Any CPU
	EndGlobalSection
	GlobalSection(SolutionProperties) = preSolution
		HideSolutionNode = FALSE
	EndGlobalSection
	GlobalSection(ExtensibilityGlobals) = postSolution
		SolutionGuid = {6D291F90-197E-4369-8925-3C55CECA37EC}
	EndGlobalSection
EndGlobal
